DEPENDENCIES
  mongodb
    path: .
    metadata: true

GRAPH
  apt (7.0.0)
  build-essential (8.1.1)
    mingw (>= 1.1)
    seven_zip (>= 0.0.0)
  mingw (2.0.2)
    seven_zip (>= 0.0.0)
  mongodb (0.1.0)
    apt (>= 1.8.2)
    build-essential (>= 5.0.0)
    yum (>= 3.0.0)
  seven_zip (3.0.0)
    windows (>= 0.0.0)
  windows (4.2.2)
  yum (5.1.0)
